# This file is automatically @generated by Cargo.
# It is not intended for manual editing.
version = 4

[[package]]
name = "day_01"
version = "0.1.0"
dependencies = [
 "itertools",
]

[[package]]
name = "day_02"
version = "0.1.0"

[[package]]
name = "day_03"
version = "0.1.0"

[[package]]
name = "day_04"
version = "0.1.0"

[[package]]
name = "day_05"
version = "0.1.0"

[[package]]
name = "day_06"
version = "0.1.0"

[[package]]
name = "day_07"
version = "0.1.0"

[[package]]
name = "day_08"
version = "0.1.0"

[[package]]
name = "day_09"
version = "0.1.0"

[[package]]
name = "day_10"
version = "0.1.0"
dependencies = [
 "helpers",
]

[[package]]
name = "day_11"
version = "0.1.0"

[[package]]
name = "day_12"
version = "0.1.0"

[[package]]
name = "day_13"
version = "0.1.0"

[[package]]
name = "day_14"
version = "0.1.0"

[[package]]
name = "day_15"
version = "0.1.0"

[[package]]
name = "day_16"
version = "0.1.0"

[[package]]
name = "day_17"
version = "0.1.0"

[[package]]
name = "day_18"
version = "0.1.0"

[[package]]
name = "day_19"
version = "0.1.0"

[[package]]
name = "day_20"
version = "0.1.0"

[[package]]
name = "day_21"
version = "0.1.0"

[[package]]
name = "day_22"
version = "0.1.0"

[[package]]
name = "day_23"
version = "0.1.0"

[[package]]
name = "day_24"
version = "0.1.0"

[[package]]
name = "day_25"
version = "0.1.0"

[[package]]
name = "either"
version = "1.15.0"
source = "registry+https://github.com/rust-lang/crates.io-index"
checksum = "48c757948c5ede0e46177b7add2e67155f70e33c07fea8284df6576da70b3719"

[[package]]
name = "helpers"
version = "0.1.0"

[[package]]
name = "itertools"
version = "0.9.0"
source = "registry+https://github.com/rust-lang/crates.io-index"
checksum = "284f18f85651fe11e8a991b2adb42cb078325c996ed026d994719efcfca1d54b"
dependencies = [
 "either",
]
